# This file is generated by running "yarn install" inside your project.
# Manual changes might be lost - proceed with caution!

__metadata:
  version: 8
  cacheKey: 10c0

"@noble/curves@npm:^1.3.0, @noble/curves@npm:~1.9.2":
  version: 1.9.7
  resolution: "@noble/curves@npm:1.9.7"
  dependencies:
    "@noble/hashes": "npm:1.8.0"
  checksum: 10c0/150014751ebe8ca06a8654ca2525108452ea9ee0be23430332769f06808cddabfe84f248b6dbf836916bc869c27c2092957eec62c7506d68a1ed0a624017c2a3
  languageName: node
  linkType: hard

"@noble/hashes@npm:1.8.0, @noble/hashes@npm:^1.3.1, @noble/hashes@npm:^1.3.3, @noble/hashes@npm:~1.8.0":
  version: 1.8.0
  resolution: "@noble/hashes@npm:1.8.0"
  checksum: 10c0/06a0b52c81a6fa7f04d67762e08b2c476a00285858150caeaaff4037356dd5e119f45b2a530f638b77a5eeca013168ec1b655db41bae3236cb2e9d511484fc77
  languageName: node
  linkType: hard

"@polkadot-api/json-rpc-provider-proxy@npm:^0.1.0":
  version: 0.1.0
  resolution: "@polkadot-api/json-rpc-provider-proxy@npm:0.1.0"
  checksum: 10c0/e4b621fbbba5ae035f36932ce2ef6024d157a1612e26d8838ba6b92a78cd4718f4f12baa55ec7c700d213f8ecbe6e14569152ba3254b341b677b9e616c749f59
  languageName: node
  linkType: hard

"@polkadot-api/json-rpc-provider@npm:0.0.1, @polkadot-api/json-rpc-provider@npm:^0.0.1":
  version: 0.0.1
  resolution: "@polkadot-api/json-rpc-provider@npm:0.0.1"
  checksum: 10c0/90dc86693e7ef742c50484f4374d4b4f0eb7b5f7f618cf96a3dfed866fd18edf19132fc750b2944e8300d83c5601343f3876cbe60cd6bb1086301361d682ebd8
  languageName: node
  linkType: hard

"@polkadot-api/metadata-builders@npm:0.3.2":
  version: 0.3.2
  resolution: "@polkadot-api/metadata-builders@npm:0.3.2"
  dependencies:
    "@polkadot-api/substrate-bindings": "npm:0.6.0"
    "@polkadot-api/utils": "npm:0.1.0"
  checksum: 10c0/ac536e8d5dea4c4e241839750a46d003a86e6149428dbf9bdb794907547fdab219d38c805ba5fa0ea7150a0083c214866e28d7c2ec10621be97d2f8f8b013edf
  languageName: node
  linkType: hard

"@polkadot-api/observable-client@npm:^0.3.0":
  version: 0.3.2
  resolution: "@polkadot-api/observable-client@npm:0.3.2"
  dependencies:
    "@polkadot-api/metadata-builders": "npm:0.3.2"
    "@polkadot-api/substrate-bindings": "npm:0.6.0"
    "@polkadot-api/utils": "npm:0.1.0"
  peerDependencies:
    "@polkadot-api/substrate-client": 0.1.4
    rxjs: ">=7.8.0"
  checksum: 10c0/9f93fab03c37af0483f5c8487ec5250d366eb401a2c9744c014dfb4c7aa524645ae71f6b0e60761e2bca89bdcd862c119e4ac0e798123d8ee9f037eb2f4aaef3
  languageName: node
  linkType: hard

"@polkadot-api/substrate-bindings@npm:0.6.0":
  version: 0.6.0
  resolution: "@polkadot-api/substrate-bindings@npm:0.6.0"
  dependencies:
    "@noble/hashes": "npm:^1.3.1"
    "@polkadot-api/utils": "npm:0.1.0"
    "@scure/base": "npm:^1.1.1"
    scale-ts: "npm:^1.6.0"
  checksum: 10c0/6c5d2d4f1120e95b3fb0207ea186e74302b9075671132d62d94d6abcb8b38fe081b8514384c744c3630615caa474764ebdd18968bef73d0c29203946941f1d99
  languageName: node
  linkType: hard

"@polkadot-api/substrate-client@npm:^0.1.2":
  version: 0.1.4
  resolution: "@polkadot-api/substrate-client@npm:0.1.4"
  dependencies:
    "@polkadot-api/json-rpc-provider": "npm:0.0.1"
    "@polkadot-api/utils": "npm:0.1.0"
  checksum: 10c0/7c9138ce52745f7e5f365f35d8caf3c192aee405ee576492eab8c47f5e9d09547a6141cc455ba21e69cf9f0f813fe6f5bcb0763342c33435a7678432961713db
  languageName: node
  linkType: hard

"@polkadot-api/utils@npm:0.1.0":
  version: 0.1.0
  resolution: "@polkadot-api/utils@npm:0.1.0"
  checksum: 10c0/9b24522a30d0519df2d2bbfc65f7dbc94233950f829c4a6b042e02cc43b70c0ec43a7d06056cd7084d09e32d7c42caa2695732d25f673a31430391bed116fcae
  languageName: node
  linkType: hard

"@polkadot/api-augment@npm:16.5.4":
  version: 16.5.4
  resolution: "@polkadot/api-augment@npm:16.5.4"
  dependencies:
    "@polkadot/api-base": "npm:16.5.4"
    "@polkadot/rpc-augment": "npm:16.5.4"
    "@polkadot/types": "npm:16.5.4"
    "@polkadot/types-augment": "npm:16.5.4"
    "@polkadot/types-codec": "npm:16.5.4"
    "@polkadot/util": "npm:^14.0.1"
    tslib: "npm:^2.8.1"
  checksum: 10c0/40655f044e08713b8e91244f4ec00c3c656a9d71c1066f74f67d1ea1f631e028e8921b163e91ce89652f9427880f67adfcdfd31a0a4769b9e4de7955c5dfa2e5
  languageName: node
  linkType: hard

"@polkadot/api-base@npm:16.5.4":
  version: 16.5.4
  resolution: "@polkadot/api-base@npm:16.5.4"
  dependencies:
    "@polkadot/rpc-core": "npm:16.5.4"
    "@polkadot/types": "npm:16.5.4"
    "@polkadot/util": "npm:^14.0.1"
    rxjs: "npm:^7.8.1"
    tslib: "npm:^2.8.1"
  checksum: 10c0/8449b17ecf2e06adde88db812a2615b64151cdf5bc65a114cc1f9735f3075e3255ed067426dcf80d9b4109c3594e0e609a46e9565a744e50898e276c9094462c
  languageName: node
  linkType: hard

"@polkadot/api-derive@npm:16.5.4":
  version: 16.5.4
  resolution: "@polkadot/api-derive@npm:16.5.4"
  dependencies:
    "@polkadot/api": "npm:16.5.4"
    "@polkadot/api-augment": "npm:16.5.4"
    "@polkadot/api-base": "npm:16.5.4"
    "@polkadot/rpc-core": "npm:16.5.4"
    "@polkadot/types": "npm:16.5.4"
    "@polkadot/types-codec": "npm:16.5.4"
    "@polkadot/util": "npm:^14.0.1"
    "@polkadot/util-crypto": "npm:^14.0.1"
    rxjs: "npm:^7.8.1"
    tslib: "npm:^2.8.1"
  checksum: 10c0/b8be25da61d665fcb7a4b979e1f0970f9b911348ccb8236308de9e9110ef8dc907b2fdbb57e22a7be282a0ff66110008a0bc7e5d49f28514d5f99b8f210ecdd6
  languageName: node
  linkType: hard

"@polkadot/api@npm:16.5.4":
  version: 16.5.4
  resolution: "@polkadot/api@npm:16.5.4"
  dependencies:
    "@polkadot/api-augment": "npm:16.5.4"
    "@polkadot/api-base": "npm:16.5.4"
    "@polkadot/api-derive": "npm:16.5.4"
    "@polkadot/keyring": "npm:^14.0.1"
    "@polkadot/rpc-augment": "npm:16.5.4"
    "@polkadot/rpc-core": "npm:16.5.4"
    "@polkadot/rpc-provider": "npm:16.5.4"
    "@polkadot/types": "npm:16.5.4"
    "@polkadot/types-augment": "npm:16.5.4"
    "@polkadot/types-codec": "npm:16.5.4"
    "@polkadot/types-create": "npm:16.5.4"
    "@polkadot/types-known": "npm:16.5.4"
    "@polkadot/util": "npm:^14.0.1"
    "@polkadot/util-crypto": "npm:^14.0.1"
    eventemitter3: "npm:^5.0.1"
    rxjs: "npm:^7.8.1"
    tslib: "npm:^2.8.1"
  checksum: 10c0/a79395bf5338015f6c5f2bd0951359258019d3fc4a51f1803d80a3f68e63da46e408890530c4915e20b0b32095fb06552e93866cb4971a54a13aa10a50dca223
  languageName: node
  linkType: hard

"@polkadot/keyring@npm:14.0.2":
  version: 14.0.2
  resolution: "@polkadot/keyring@npm:14.0.2"
  dependencies:
    "@polkadot/util": "npm:14.0.2"
    "@polkadot/util-crypto": "npm:14.0.2"
    tslib: "npm:^2.8.0"
  peerDependencies:
    "@polkadot/util": 14.0.2
    "@polkadot/util-crypto": 14.0.2
  checksum: 10c0/cf782e75b16a2bf029610f5ea4cac869253f091788ea67bd60f82dd6dbae1c18f52127a0af276030879b7c14a9e8d93a6117f5f15526e972285de3c79eaefd81
  languageName: node
  linkType: hard

"@polkadot/networks@npm:14.0.2":
  version: 14.0.2
  resolution: "@polkadot/networks@npm:14.0.2"
  dependencies:
    "@polkadot/util": "npm:14.0.2"
    "@substrate/ss58-registry": "npm:^1.51.0"
    tslib: "npm:^2.8.0"
  checksum: 10c0/5ce567e22715145d4d999d235c4ed42d1974f43cb558ca91aeb14a5f3c614c08da19a0a0ac20c5133d08e3bc92e7d2ca5a89cf043a5637463fcbad885cc6be3e
  languageName: node
  linkType: hard

"@polkadot/networks@npm:^14.0.1":
  version: 14.0.3
  resolution: "@polkadot/networks@npm:14.0.3"
  dependencies:
    "@polkadot/util": "npm:14.0.3"
    "@substrate/ss58-registry": "npm:^1.51.0"
    tslib: "npm:^2.8.0"
  checksum: 10c0/9568207781f4d0d430ff1d2e69f43c13b00eebb5834e8d635855275c44eb9c991ab6194dc5151fd52bba1cc1b7b4752527a2f562656e54756c2cab2a08d70ea7
  languageName: node
  linkType: hard

"@polkadot/rpc-augment@npm:16.5.4":
  version: 16.5.4
  resolution: "@polkadot/rpc-augment@npm:16.5.4"
  dependencies:
    "@polkadot/rpc-core": "npm:16.5.4"
    "@polkadot/types": "npm:16.5.4"
    "@polkadot/types-codec": "npm:16.5.4"
    "@polkadot/util": "npm:^14.0.1"
    tslib: "npm:^2.8.1"
  checksum: 10c0/081d104a2323f78842b93a6f5e4a2bfab1f5929453cee2533e097eff24d356ef3dbc325ae9c18d0104cfbc32da836821eb8714eb389ab692d62db780e2cc2882
  languageName: node
  linkType: hard

"@polkadot/rpc-core@npm:16.5.4":
  version: 16.5.4
  resolution: "@polkadot/rpc-core@npm:16.5.4"
  dependencies:
    "@polkadot/rpc-augment": "npm:16.5.4"
    "@polkadot/rpc-provider": "npm:16.5.4"
    "@polkadot/types": "npm:16.5.4"
    "@polkadot/util": "npm:^14.0.1"
    rxjs: "npm:^7.8.1"
    tslib: "npm:^2.8.1"
  checksum: 10c0/c638632572fba8c6bad993f906811cfadb98a158fb0a4da765993a852e5aa45cb8340f0e086b8060e7a638496b9c4fda4b3d38730d86f85382f54ab8ce8ef545
  languageName: node
  linkType: hard

"@polkadot/rpc-provider@npm:16.5.4":
  version: 16.5.4
  resolution: "@polkadot/rpc-provider@npm:16.5.4"
  dependencies:
    "@polkadot/keyring": "npm:^14.0.1"
    "@polkadot/types": "npm:16.5.4"
    "@polkadot/types-support": "npm:16.5.4"
    "@polkadot/util": "npm:^14.0.1"
    "@polkadot/util-crypto": "npm:^14.0.1"
    "@polkadot/x-fetch": "npm:^14.0.1"
    "@polkadot/x-global": "npm:^14.0.1"
    "@polkadot/x-ws": "npm:^14.0.1"
    "@substrate/connect": "npm:0.8.11"
    eventemitter3: "npm:^5.0.1"
    mock-socket: "npm:^9.3.1"
    nock: "npm:^13.5.5"
    tslib: "npm:^2.8.1"
  dependenciesMeta:
    "@substrate/connect":
      optional: true
  checksum: 10c0/8bd0631a0df69dd61b494b1263a6a420b9445739f1e90624e8dbd7e276c7316dcfa1a427ee261cc6d173b78b679b10f6d7f866f6a9cefb56e7e2d4288f70da03
  languageName: node
  linkType: hard

"@polkadot/types-augment@npm:16.5.4":
  version: 16.5.4
  resolution: "@polkadot/types-augment@npm:16.5.4"
  dependencies:
    "@polkadot/types": "npm:16.5.4"
    "@polkadot/types-codec": "npm:16.5.4"
    "@polkadot/util": "npm:^14.0.1"
    tslib: "npm:^2.8.1"
  checksum: 10c0/237c74eac9da5acbc8a23578ec024bdca3ab1fc1169459a850a5b4e33826ac7018e7f17aa1bb7ddd3ff8ec90fcdb4aa61fe0725564c332b71709c9ba86d174c0
  languageName: node
  linkType: hard

"@polkadot/types-codec@npm:16.5.4":
  version: 16.5.4
  resolution: "@polkadot/types-codec@npm:16.5.4"
  dependencies:
    "@polkadot/util": "npm:^14.0.1"
    "@polkadot/x-bigint": "npm:^14.0.1"
    tslib: "npm:^2.8.1"
  checksum: 10c0/87d9824076e6d28614585e4fb64cebb908b0777f4b402118d2dd1d3e3974fdabcb54acf69515ef731805da7b832b256d1a792ae1fe883712efd398f335509990
  languageName: node
  linkType: hard

"@polkadot/types-create@npm:16.5.4":
  version: 16.5.4
  resolution: "@polkadot/types-create@npm:16.5.4"
  dependencies:
    "@polkadot/types-codec": "npm:16.5.4"
    "@polkadot/util": "npm:^14.0.1"
    tslib: "npm:^2.8.1"
  checksum: 10c0/13572d456ad3e46f680891300c223b333f66efe1643ac20055aefb3f0355b3a8c792d0c038de4e8b3916a43b1f9e9d49c5c53c90ea2b48985c22cd343c7bc007
  languageName: node
  linkType: hard

"@polkadot/types-known@npm:16.5.4":
  version: 16.5.4
  resolution: "@polkadot/types-known@npm:16.5.4"
  dependencies:
    "@polkadot/networks": "npm:^14.0.1"
    "@polkadot/types": "npm:16.5.4"
    "@polkadot/types-codec": "npm:16.5.4"
    "@polkadot/types-create": "npm:16.5.4"
    "@polkadot/util": "npm:^14.0.1"
    tslib: "npm:^2.8.1"
  checksum: 10c0/de1b32e3b25e79a42d07034f709e45602222eb2dcdd9ccacf04fc509a96f90d336ce85654de444915beffd01d3fc5e47b18df5773433bc769c691a69d2182237
  languageName: node
  linkType: hard

"@polkadot/types-support@npm:16.5.4":
  version: 16.5.4
  resolution: "@polkadot/types-support@npm:16.5.4"
  dependencies:
    "@polkadot/util": "npm:^14.0.1"
    tslib: "npm:^2.8.1"
  checksum: 10c0/c137fb2ebedaa6fbe50d543338c287f9db73dc1a3ec159f5506700aa29a063d5eaf07acfb008a30de930144c904c88db1f097ca18dd3c41c223ec9ee64196067
  languageName: node
  linkType: hard

"@polkadot/types@npm:16.5.4":
  version: 16.5.4
  resolution: "@polkadot/types@npm:16.5.4"
  dependencies:
    "@polkadot/keyring": "npm:^14.0.1"
    "@polkadot/types-augment": "npm:16.5.4"
    "@polkadot/types-codec": "npm:16.5.4"
    "@polkadot/types-create": "npm:16.5.4"
    "@polkadot/util": "npm:^14.0.1"
    "@polkadot/util-crypto": "npm:^14.0.1"
    rxjs: "npm:^7.8.1"
    tslib: "npm:^2.8.1"
  checksum: 10c0/45b3d9d594b883efaca1d7b0a2e9caed134c70b3836f5eacf71600bdb28706c7963e8fab48214cc31f5650c920c6b13284cc22ad9df95f47f992856760b7a707
  languageName: node
  linkType: hard

"@polkadot/util-crypto@npm:14.0.2":
  version: 14.0.2
  resolution: "@polkadot/util-crypto@npm:14.0.2"
  dependencies:
    "@noble/curves": "npm:^1.3.0"
    "@noble/hashes": "npm:^1.3.3"
    "@polkadot/networks": "npm:14.0.2"
    "@polkadot/util": "npm:14.0.2"
    "@polkadot/wasm-crypto": "npm:^7.5.3"
    "@polkadot/wasm-util": "npm:^7.5.3"
    "@polkadot/x-bigint": "npm:14.0.2"
    "@polkadot/x-randomvalues": "npm:14.0.2"
    "@scure/base": "npm:^1.1.7"
    "@scure/sr25519": "npm:^0.2.0"
    tslib: "npm:^2.8.0"
  peerDependencies:
    "@polkadot/util": 14.0.2
  checksum: 10c0/e0fd72f8bb9c10fac22cfade3b9cc125664520e4bab5b59ca84cd3f7ce5224a90ee0cd1e47538df09de44d7ec1e6f8818f037842a6d1c2b9ca4bbc50b9fd1431
  languageName: node
  linkType: hard

"@polkadot/util@npm:14.0.2":
  version: 14.0.2
  resolution: "@polkadot/util@npm:14.0.2"
  dependencies:
    "@polkadot/x-bigint": "npm:14.0.2"
    "@polkadot/x-global": "npm:14.0.2"
    "@polkadot/x-textdecoder": "npm:14.0.2"
    "@polkadot/x-textencoder": "npm:14.0.2"
    "@types/bn.js": "npm:^5.1.6"
    bn.js: "npm:^5.2.1"
    tslib: "npm:^2.8.0"
  checksum: 10c0/65d84043ab59f5965f894f6c277c152f131f9e1f3f10b9e580761b5c646a49f326de27ca34f46a4dce5b114786efb9c2aefcc8d22e137bdc396a2040b93b24ed
  languageName: node
  linkType: hard

"@polkadot/wasm-bridge@npm:7.5.4":
  version: 7.5.4
  resolution: "@polkadot/wasm-bridge@npm:7.5.4"
  dependencies:
    "@polkadot/wasm-util": "npm:7.5.4"
    tslib: "npm:^2.7.0"
  peerDependencies:
    "@polkadot/util": "*"
    "@polkadot/x-randomvalues": "*"
  checksum: 10c0/47958e2846527d1f492674fecb24121a060aeb93a558a34ef8b000844df015749391ee67b9bf39ee126e7f60a9582fb97db57d8a90fb0036dfb1d57608203d60
  languageName: node
  linkType: hard

"@polkadot/wasm-crypto-asmjs@npm:7.5.4":
  version: 7.5.4
  resolution: "@polkadot/wasm-crypto-asmjs@npm:7.5.4"
  dependencies:
    tslib: "npm:^2.7.0"
  peerDependencies:
    "@polkadot/util": "*"
  checksum: 10c0/4dcbef752ce17f9bf5731743b55186a4b319aef590103bd3bb66a5627c0b66ec5f97beb3d1be96ac61c68c765b4f0c3d088d54b6cc5d1b651d14dc9243359b70
  languageName: node
  linkType: hard

"@polkadot/wasm-crypto-init@npm:7.5.4":
  version: 7.5.4
  resolution: "@polkadot/wasm-crypto-init@npm:7.5.4"
  dependencies:
    "@polkadot/wasm-bridge": "npm:7.5.4"
    "@polkadot/wasm-crypto-asmjs": "npm:7.5.4"
    "@polkadot/wasm-crypto-wasm": "npm:7.5.4"
    "@polkadot/wasm-util": "npm:7.5.4"
    tslib: "npm:^2.7.0"
  peerDependencies:
    "@polkadot/util": "*"
    "@polkadot/x-randomvalues": "*"
  checksum: 10c0/20422bd90e0a257987924fb06569e349736f86b818ec17d4082255c394f08d40d14fd692eaafdfc216fee3798d502e637d6f2bfacbf9c5f3d9f37e231d066de4
  languageName: node
  linkType: hard

"@polkadot/wasm-crypto-wasm@npm:7.5.4":
  version: 7.5.4
  resolution: "@polkadot/wasm-crypto-wasm@npm:7.5.4"
  dependencies:
    "@polkadot/wasm-util": "npm:7.5.4"
    tslib: "npm:^2.7.0"
  peerDependencies:
    "@polkadot/util": "*"
  checksum: 10c0/1feb2069d804dfc7721222d435c411e557d66775689b8d8bf0b5f7af16126c9e089905544bcb79abf63117e771286ad790b98ee63a127aadeee6a2e1bb8148af
  languageName: node
  linkType: hard

"@polkadot/wasm-crypto@npm:7.5.4":
  version: 7.5.4
  resolution: "@polkadot/wasm-crypto@npm:7.5.4"
  dependencies:
    "@polkadot/wasm-bridge": "npm:7.5.4"
    "@polkadot/wasm-crypto-asmjs": "npm:7.5.4"
    "@polkadot/wasm-crypto-init": "npm:7.5.4"
    "@polkadot/wasm-crypto-wasm": "npm:7.5.4"
    "@polkadot/wasm-util": "npm:7.5.4"
    tslib: "npm:^2.7.0"
  peerDependencies:
    "@polkadot/util": "*"
    "@polkadot/x-randomvalues": "*"
  checksum: 10c0/232627257755ae1487152638ae532f9986a7b8b0b4b236851e43f79396793e1c1b5e339f6d7a920180c06e2d3d8f4c2e25539ac8eb4ec3e9d4537cdd2b54c23d
  languageName: node
  linkType: hard

"@polkadot/wasm-util@npm:7.5.4":
  version: 7.5.4
  resolution: "@polkadot/wasm-util@npm:7.5.4"
  dependencies:
    tslib: "npm:^2.7.0"
  peerDependencies:
    "@polkadot/util": "*"
  checksum: 10c0/a5a42b7d0b401ff68ee22017ad2b55eb0bfbdd1000d13a6e9dd05f374496237c1409a0cf18cfc8bdbd642110ae6c1b6e39a7484e5f8bdecdc48010c66c46b460
  languageName: node
  linkType: hard

"@polkadot/x-bigint@npm:14.0.2":
  version: 14.0.2
  resolution: "@polkadot/x-bigint@npm:14.0.2"
  dependencies:
    "@polkadot/x-global": "npm:14.0.2"
    tslib: "npm:^2.8.0"
  checksum: 10c0/f0bbf8de863743c77244273678a1e7bfd5075f1d1acbba08816885f61c74079b5e819458fb2ad96b9632529154924a7c103dfdd8343285e24f1c107c0936d85c
  languageName: node
  linkType: hard

"@polkadot/x-bigint@npm:^14.0.1":
  version: 14.0.3
  resolution: "@polkadot/x-bigint@npm:14.0.3"
  dependencies:
    "@polkadot/x-global": "npm:14.0.3"
    tslib: "npm:^2.8.0"
  checksum: 10c0/4ea97796327f838ea08bb620ecefd5ad00e6685fd22fae427b5f6c4bef50fa21417a1f154e3ad95355da111adc339f4f7b8dd214d8e152042f487a628cc00eda
  languageName: node
  linkType: hard

"@polkadot/x-fetch@npm:^14.0.1":
  version: 14.0.3
  resolution: "@polkadot/x-fetch@npm:14.0.3"
  dependencies:
    "@polkadot/x-global": "npm:14.0.3"
    node-fetch: "npm:^3.3.2"
    tslib: "npm:^2.8.0"
  checksum: 10c0/1710947bdad9466bed2ceeb2f63112e84f8e99c04edb223b6879852bcfb685a1a5ec24d63439f7f730ca16577a31cafd511202458cfdcd835bd738060ecf7d70
  languageName: node
  linkType: hard

"@polkadot/x-global@npm:14.0.2":
  version: 14.0.2
  resolution: "@polkadot/x-global@npm:14.0.2"
  dependencies:
    tslib: "npm:^2.8.0"
  checksum: 10c0/4df80b367fe52e87c0e9c5576428c85f2aa0b52224bf7412d8fd8139b53cc2a0e2bbdb60a808be9f1f1d549c5ce78a61b38a4577c4406b37e06e2c66e4f0d313
  languageName: node
  linkType: hard

"@polkadot/x-global@npm:14.0.3, @polkadot/x-global@npm:^14.0.1":
  version: 14.0.3
  resolution: "@polkadot/x-global@npm:14.0.3"
  dependencies:
    tslib: "npm:^2.8.0"
  checksum: 10c0/323d966ca45de68bd12cd53c39579d4df9fa5faa50c93f7f988b9e3526362400935e8cb40f37201b896795661f4c52cba7e7f5937bf1c6d972c25ab5eee8cfd5
  languageName: node
  linkType: hard

"@polkadot/x-randomvalues@npm:14.0.2":
  version: 14.0.2
  resolution: "@polkadot/x-randomvalues@npm:14.0.2"
  dependencies:
    "@polkadot/x-global": "npm:14.0.2"
    tslib: "npm:^2.8.0"
  peerDependencies:
    "@polkadot/util": 14.0.2
    "@polkadot/wasm-util": "*"
  checksum: 10c0/cb907dab3f09fa2ee16f22dd8b747b61a070909e5a4c1dad14249d2bad8753a9184466fd8df6ade2e2b5d56513893c199930d138199674eabf7403398b99aabe
  languageName: node
  linkType: hard

"@polkadot/x-textdecoder@npm:14.0.2":
  version: 14.0.2
  resolution: "@polkadot/x-textdecoder@npm:14.0.2"
  dependencies:
    "@polkadot/x-global": "npm:14.0.2"
    tslib: "npm:^2.8.0"
  checksum: 10c0/b5591fa0890258e4b3094da69de6a8e2ce3e8f11cb629ea848e780b4a1793242e4a37d18b51136a2a00e9c3bb7843a97078c2deb98f8a95780168eb75ca144bf
  languageName: node
  linkType: hard

"@polkadot/x-textencoder@npm:14.0.2":
  version: 14.0.2
  resolution: "@polkadot/x-textencoder@npm:14.0.2"
  dependencies:
    "@polkadot/x-global": "npm:14.0.2"
    tslib: "npm:^2.8.0"
  checksum: 10c0/e95b3ff1ab93a548697b74321d85b53a4c10b9cc11d7fb0a5c65b324ab4122f9003ff261e89cff85c55c578929caee7ee664d3330c1f581a5a38dbed8a823b1b
  languageName: node
  linkType: hard

"@polkadot/x-ws@npm:^14.0.1":
  version: 14.0.3
  resolution: "@polkadot/x-ws@npm:14.0.3"
  dependencies:
    "@polkadot/x-global": "npm:14.0.3"
    tslib: "npm:^2.8.0"
    ws: "npm:^8.18.0"
  checksum: 10c0/64bbe4ea22e0dad53ecdfbb85a81e7d1dfdde7f0d30a416c30c3519687b2b4ea598ac9b8ee80bd4c98f892610bf3ccec6a2d924e8bde0f7ea4edde43ae10717d
  languageName: node
  linkType: hard

"@polkaswap/community-store-tools@workspace:.":
  version: 0.0.0-use.local
  resolution: "@polkaswap/community-store-tools@workspace:."
  dependencies:
    "@sora/sora-pay": "file:../../vendor/sora-pay/sora-pay-0.2.5.tgz"
  languageName: unknown
  linkType: soft

"@scure/base@npm:^1.1.1, @scure/base@npm:^1.1.7":
  version: 1.2.6
  resolution: "@scure/base@npm:1.2.6"
  checksum: 10c0/49bd5293371c4e062cb6ba689c8fe3ea3981b7bb9c000400dc4eafa29f56814cdcdd27c04311c2fec34de26bc373c593a1d6ca6d754398a488d587943b7c128a
  languageName: node
  linkType: hard

"@scure/sr25519@npm:^0.2.0":
  version: 0.2.0
  resolution: "@scure/sr25519@npm:0.2.0"
  dependencies:
    "@noble/curves": "npm:~1.9.2"
    "@noble/hashes": "npm:~1.8.0"
  checksum: 10c0/7836a7ea9e50c3c36c19f14408b52fc57d255e5b82a19e1ccb05bc3e369b20ee64d00683930b7171a1a728b4ed8f8fbb8f28194f1d51eb380991e0be2f44daef
  languageName: node
  linkType: hard

"@sora/sora-pay@file:../../vendor/sora-pay/sora-pay-0.2.5.tgz::locator=%40polkaswap%2Fcommunity-store-tools%40workspace%3A.":
  version: 0.2.5
  resolution: "@sora/sora-pay@file:../../vendor/sora-pay/sora-pay-0.2.5.tgz#../../vendor/sora-pay/sora-pay-0.2.5.tgz::hash=389846&locator=%40polkaswap%2Fcommunity-store-tools%40workspace%3A."
  dependencies:
    "@polkadot/api": "npm:16.5.4"
    "@polkadot/util": "npm:14.0.2"
    "@polkadot/util-crypto": "npm:14.0.2"
    nodemailer: "npm:7.0.13"
  checksum: 10c0/5cb6266fe8894ea9419902590bc579e347ec133758004c759b8ab27fe72b9d2fae91f5997540b274a5f5b3239edcf947bee1d906452685303f3d474247496823
  languageName: node
  linkType: hard

"@substrate/connect-extension-protocol@npm:^2.0.0":
  version: 2.2.2
  resolution: "@substrate/connect-extension-protocol@npm:2.2.2"
  checksum: 10c0/11eb887841a40ae9eafb34fd6f6aabddf4df1cc27aa144edd9be308baa10445b8c14b7b6ccf8de05683d84449cce5cabf43c59ef782eb91e2288c2139f7f6441
  languageName: node
  linkType: hard

"@substrate/connect-known-chains@npm:^1.1.5":
  version: 1.10.3
  resolution: "@substrate/connect-known-chains@npm:1.10.3"
  checksum: 10c0/ae4a73f1ba2c85a4846e12d4032db9917135825b0112f3bf7c4c4ebb94a062ac1e089174e67119e135178755d1485e8461cdf1ace2ebebba1fe132ef4f533ee1
  languageName: node
  linkType: hard

"@substrate/connect@npm:0.8.11":
  version: 0.8.11
  resolution: "@substrate/connect@npm:0.8.11"
  dependencies:
    "@substrate/connect-extension-protocol": "npm:^2.0.0"
    "@substrate/connect-known-chains": "npm:^1.1.5"
    "@substrate/light-client-extension-helpers": "npm:^1.0.0"
    smoldot: "npm:2.0.26"
  checksum: 10c0/ad37dc5d6c806b95a346d42a94b1968b1aa3056ef7dd1a9af60670ab1fe6ecbc61ae52ae74e2b5a93a75b61db812bbe0c3409eb207bd4b438bec02d3554d6daa
  languageName: node
  linkType: hard

"@substrate/light-client-extension-helpers@npm:^1.0.0":
  version: 1.0.0
  resolution: "@substrate/light-client-extension-helpers@npm:1.0.0"
  dependencies:
    "@polkadot-api/json-rpc-provider": "npm:^0.0.1"
    "@polkadot-api/json-rpc-provider-proxy": "npm:^0.1.0"
    "@polkadot-api/observable-client": "npm:^0.3.0"
    "@polkadot-api/substrate-client": "npm:^0.1.2"
    "@substrate/connect-extension-protocol": "npm:^2.0.0"
    "@substrate/connect-known-chains": "npm:^1.1.5"
    rxjs: "npm:^7.8.1"
  peerDependencies:
    smoldot: 2.x
  checksum: 10c0/41b692c4f8ec8ee5e67f7c184ea0556c92d2755401efd20c9ee440d0d1d76e00972b76c92514cc6850855a55bbf062b301f1188eeb3b926a7fc1adb914298e94
  languageName: node
  linkType: hard

"@substrate/ss58-registry@npm:^1.51.0":
  version: 1.51.0
  resolution: "@substrate/ss58-registry@npm:1.51.0"
  checksum: 10c0/f568ea2a5011ee1c288e577d23dd48a6ba0dc0db3611f268b1c35f41636b8ec39ae09fe0184f88d411e331b60d924e90054be736b1ff624cdcb9b742c94a9bf6
  languageName: node
  linkType: hard

"@types/bn.js@npm:^5.1.6":
  version: 5.2.0
  resolution: "@types/bn.js@npm:5.2.0"
  dependencies:
    "@types/node": "npm:*"
  checksum: 10c0/7a36114b8e61faba5c28b433c3e5aabded261745dabb8f3fe41b2d84e8c4c2b8282e52a88a842bd31a565ff5dbf685145ccd91171f1a8d657fb249025c17aa85
  languageName: node
  linkType: hard

"@types/node@npm:*":
  version: 26.6.3
  resolution: "@types/node@npm:26.6.3"
  dependencies:
    undici-types: "npm:~8.9.0"
  checksum: 10c0/51070287167d157d246a5ad83e6ead93aa310bbd9cc880ecd1f244a00c2a31491620f997fbbb6ba4ce164388694827999ec68c1d16c3fb64c1037056e64613c7
  languageName: node
  linkType: hard

"bn.js@npm:^5.2.1":
  version: 5.2.5
  resolution: "bn.js@npm:5.2.5"
  checksum: 10c0/4c47bcb261950086a9d5d311bea97197b5950703e0a80caf6e226f3bb049954a864c80b0fca7f70149c74c2e255cb4a63d0da2c425d7b15f9051a042a4e12095
  languageName: node
  linkType: hard

"data-uri-to-buffer@npm:^4.0.0":
  version: 4.0.1
  resolution: "data-uri-to-buffer@npm:4.0.1"
  checksum: 10c0/20a6b93107597530d71d4cb285acee17f66bcdfc03fd81040921a81252f19db27588d87fc8fc69e1950c55cfb0bf8ae40d0e5e21d907230813eb5d5a7f9eb45b
  languageName: node
  linkType: hard

"debug@npm:^4.1.0":
  version: 4.4.3
  resolution: "debug@npm:4.4.3"
  dependencies:
    ms: "npm:^2.1.3"
  peerDependenciesMeta:
    supports-color:
      optional: true
  checksum: 10c0/d79136ec6c83ecbefd0f6a5593da6a9c91ec4d7ddc4b54c883d6e71ec9accb5f67a1a5e96d00a328196b5b5c86d365e98d8a3a70856aaf16b4e7b1985e67f5a6
  languageName: node
  linkType: hard

"eventemitter3@npm:^5.0.1":
  version: 5.0.4
  resolution: "eventemitter3@npm:5.0.4"
  checksum: 10c0/575b8cac8d709e1473da46f8f15ef311b57ff7609445a7c71af5cd42598583eee6f098fa7a593e30f27e94b8865642baa0689e8fa97c016f742abdb3b1bf6d9a
  languageName: node
  linkType: hard

"fetch-blob@npm:^3.1.2, fetch-blob@npm:^3.1.4":
  version: 3.2.0
  resolution: "fetch-blob@npm:3.2.0"
  dependencies:
    node-domexception: "npm:^1.0.0"
    web-streams-polyfill: "npm:^3.0.3"
  checksum: 10c0/60054bf47bfa10fb0ba6cb7742acec2f37c1f56344f79a70bb8b1c48d77675927c720ff3191fa546410a0442c998d27ab05e9144c32d530d8a52fbe68f843b69
  languageName: node
  linkType: hard

"formdata-polyfill@npm:^4.0.10":
  version: 4.0.10
  resolution: "formdata-polyfill@npm:4.0.10"
  dependencies:
    fetch-blob: "npm:^3.1.2"
  checksum: 10c0/5392ec484f9ce0d5e0d52fb5a78e7486637d516179b0eb84d81389d7eccf9ca2f663079da56f761355c0a65792810e3b345dc24db9a8bbbcf24ef3c8c88570c6
  languageName: node
  linkType: hard

"json-stringify-safe@npm:^5.0.1":
  version: 5.0.1
  resolution: "json-stringify-safe@npm:5.0.1"
  checksum: 10c0/7dbf35cd0411d1d648dceb6d59ce5857ec939e52e4afc37601aa3da611f0987d5cee5b38d58329ceddf3ed48bd7215229c8d52059ab01f2444a338bf24ed0f37
  languageName: node
  linkType: hard

"mock-socket@npm:^9.3.1":
  version: 9.3.1
  resolution: "mock-socket@npm:9.3.1"
  checksum: 10c0/0c53baa4acca12ed1ff9bddfdd4bc0cabe0fc96a3ed25a42a00d23b7a111eb6edfc2b44d93aef9a0c93a4a000b4d2d8dcff028488cd2a1e9cc416477ee341ce0
  languageName: node
  linkType: hard

"ms@npm:^2.1.3":
  version: 2.1.3
  resolution: "ms@npm:2.1.3"
  checksum: 10c0/d924b57e7312b3b63ad21fc5b3dc0af5e78d61a1fc7cfb5457edaf26326bf62be5307cc87ffb6862ef1c2b33b0233cdb5d4f01c4c958cc0d660948b65a287a48
  languageName: node
  linkType: hard

"nock@npm:^13.5.5":
  version: 13.5.6
  resolution: "nock@npm:13.5.6"
  dependencies:
    debug: "npm:^4.1.0"
    json-stringify-safe: "npm:^5.0.1"
    propagate: "npm:^2.0.0"
  checksum: 10c0/94249a294176a6e521bbb763c214de4aa6b6ab63dff1e299aaaf455886a465d38906891d7f24570d94a43b1e376c239c54d89ff7697124bc57ef188006acc25e
  languageName: node
  linkType: hard

"node-domexception@npm:^1.0.0":
  version: 1.0.0
  resolution: "node-domexception@npm:1.0.0"
  checksum: 10c0/5e5d63cda29856402df9472335af4bb13875e1927ad3be861dc5ebde38917aecbf9ae337923777af52a48c426b70148815e890a5d72760f1b4d758cc671b1a2b
  languageName: node
  linkType: hard

"node-fetch@npm:^3.3.2":
  version: 3.3.2
  resolution: "node-fetch@npm:3.3.2"
  dependencies:
    data-uri-to-buffer: "npm:^4.0.0"
    fetch-blob: "npm:^3.1.4"
    formdata-polyfill: "npm:^4.0.10"
  checksum: 10c0/f3d5e56190562221398c9f5750198b34cf6113aa304e34ee97c94fd300ec578b25b2c2906edba922050fce983338fde0d5d34fcb0fc3336ade5bd0e429ad7538
  languageName: node
  linkType: hard

"nodemailer@npm:7.0.13":
  version: 7.0.13
  resolution: "nodemailer@npm:7.0.13"
  checksum: 10c0/b26aa5b9fa4a033bbc1e1c16ef75ee2a9c8641fd290c00a8361d6a251b3c1b8bad545a23efa627f59cb266340a448891ea8aa49d8a9307c767b8505219d95079
  languageName: node
  linkType: hard

"propagate@npm:^2.0.0":
  version: 2.0.1
  resolution: "propagate@npm:2.0.1"
  checksum: 10c0/01e1023b60ae4050d1a2783f976d7db702022dbdb70dba797cceedad8cfc01b3939c41e77032f8c32aa9d93192fe937ebba1345e8604e5ce61fd3b62ee3003b8
  languageName: node
  linkType: hard

"rxjs@npm:^7.8.1":
  version: 7.8.2
  resolution: "rxjs@npm:7.8.2"
  dependencies:
    tslib: "npm:^2.1.0"
  checksum: 10c0/1fcd33d2066ada98ba8f21fcbbcaee9f0b271de1d38dc7f4e256bfbc6ffcdde68c8bfb69093de7eeb46f24b1fb820620bf0223706cff26b4ab99a7ff7b2e2c45
  languageName: node
  linkType: hard

"scale-ts@npm:^1.6.0":
  version: 1.6.1
  resolution: "scale-ts@npm:1.6.1"
  checksum: 10c0/bbcf476029095152189c5bd210922b43342e8bfb712bf56237de172d55b528e090419e80da67c627a8f706a228237346b82de527755d7f197bb4d822c6383dfd
  languageName: node
  linkType: hard

"smoldot@npm:2.0.26":
  version: 2.0.26
  resolution: "smoldot@npm:2.0.26"
  dependencies:
    ws: "npm:^8.8.1"
  checksum: 10c0/a4788fb92e5ed6e8c3d171d00474712c6f98f62cae68543f1029e7976a64ce9c8126956e50d6bd89482df8568f8ac043d5eb50b63f44f9a6062cbc49f0ef2dad
  languageName: node
  linkType: hard

"tslib@npm:^2.1.0, tslib@npm:^2.7.0, tslib@npm:^2.8.0, tslib@npm:^2.8.1":
  version: 2.8.1
  resolution: "tslib@npm:2.8.1"
  checksum: 10c0/9c4759110a19c53f992d9aae23aac5ced636e99887b51b9e61def52611732872ff7668757d4e4c61f19691e36f4da981cd9485e869b4a7408d689f6bf1f14e62
  languageName: node
  linkType: hard

"undici-types@npm:~8.9.0":
  version: 8.9.0
  resolution: "undici-types@npm:8.9.0"
  checksum: 10c0/51c712c20c087368f62c6fc0f2bc49fa76bfe5dec28ff01584bb677ff29b0622569783c02d43e151143808c48c0503f804093bd2c491b10f2a830138034cb451
  languageName: node
  linkType: hard

"web-streams-polyfill@npm:^3.0.3":
  version: 3.3.3
  resolution: "web-streams-polyfill@npm:3.3.3"
  checksum: 10c0/64e855c47f6c8330b5436147db1c75cb7e7474d924166800e8e2aab5eb6c76aac4981a84261dd2982b3e754490900b99791c80ae1407a9fa0dcff74f82ea3a7f
  languageName: node
  linkType: hard

"ws@npm:^8.18.0, ws@npm:^8.8.1":
  version: 8.22.0
  resolution: "ws@npm:8.22.0"
  peerDependencies:
    bufferutil: ^4.0.1
    utf-8-validate: ">=5.0.2"
  peerDependenciesMeta:
    bufferutil:
      optional: true
    utf-8-validate:
      optional: true
  checksum: 10c0/7304d14ef38898dd366a528a85e2da389c4eebf30f4ce8a007bd2dce6025f9b619cefe44fe2354f0bad0ec541b1c9a4da06a3f3e046ab56f01fd52d5784ecfb2
  languageName: node
  linkType: hard
